
Microsoft Visual Studio Solution File, Format Version 12.00
# Visual Studio Version 16
VisualStudioVersion = 16.0.33027.164
MinimumVisualStudioVersion = 10.0.40219.1
Project("{FAE04EC0-301F-11D3-BF4B-00C04F79EFBC}") = "GuessThatWord", "GuessThatWord\GuessThatWord.csproj", "{794A9AEB-EE09-45ED-9B63-7BAAA1E07EA1}"
EndProject
Global
	GlobalSection(SolutionConfigurationPlatforms) = preSolution
		Debug|Any CPU = Debug|Any CPU
		Release|Any CPU = Release|Any CPU
	EndGlobalSection
	GlobalSection(ProjectConfigurationPlatforms) = postSolution
		{794A9AEB-EE09-45ED-9B63-7BAAA1E07EA1}.Debug|Any CPU.ActiveCfg = Debug|Any CPU
		{794A9AEB-EE09-45ED-9B63-7BAAA1E07EA1}.Debug|Any CPU.Build.0 = Debug|Any CPU
		{794A9AEB-EE09-45ED-9B63-7BAAA1E07EA1}.Release|Any CPU.ActiveCfg = Release|Any CPU
		{794A9AEB-EE09-45ED-9B63-7BAAA1E07EA1}.Release|Any CPU.Build.0 = Release|Any CPU
	EndGlobalSection
	GlobalSection(SolutionProperties) = preSolution
		HideSolutionNode = FALSE
	EndGlobalSection
	GlobalSection(ExtensibilityGlobals) = postSolution
		SolutionGuid = {E9F7E01D-E58F-4F55-A799-8410FE0D00D3}
	EndGlobalSection
EndGlobal
